// !$*UTF8*$!
{
	archiveVersion = 1;
	classes = {
	};
	objectVersion = 46;
	objects = {

/* Begin PBXBuildFile section */
		6F1D95CF19DFD96E00C9B793 /* LoginViewController.m in Sources */ = {isa = PBXBuildFile; fileRef = 6F1D95CE19DFD96E00C9B793 /* LoginViewController.m */; };
		6F1D95D119DFDCCC00C9B793 /* FacebookSDK.framework in Frameworks */ = {isa = PBXBuildFile; fileRef = 6F1D95D019DFDCCC00C9B793 /* FacebookSDK.framework */; };
		6F1E1D8919DFE66300255B27 /* AudioToolbox.framework in Frameworks */ = {isa = PBXBuildFile; fileRef = 6F1E1D8819DFE66300255B27 /* AudioToolbox.framework */; };
		6F1E1D8B19DFE66900255B27 /* Accounts.framework in Frameworks */ = {isa = PBXBuildFile; fileRef = 6F1E1D8A19DFE66900255B27 /* Accounts.framework */; };
		6F1E1D8D19DFE67000255B27 /* AdSupport.framework in Frameworks */ = {isa = PBXBuildFile; fileRef = 6F1E1D8C19DFE67000255B27 /* AdSupport.framework */; };
		6F1E1D8F19DFE67800255B27 /* CFNetwork.framework in Frameworks */ = {isa = PBXBuildFile; fileRef = 6F1E1D8E19DFE67800255B27 /* CFNetwork.framework */; };
		6F1E1D9119DFE68400255B27 /* CoreGraphics.framework in Frameworks */ = {isa = PBXBuildFile; fileRef = 6F1E1D9019DFE68400255B27 /* CoreGraphics.framework */; };
		6F1E1D9319DFE68A00255B27 /* CoreLocation.framework in Frameworks */ = {isa = PBXBuildFile; fileRef = 6F1E1D9219DFE68A00255B27 /* CoreLocation.framework */; };
		6F1E1D9519DFE6A800255B27 /* libsqlite3.dylib in Frameworks */ = {isa = PBXBuildFile; fileRef = 6F1E1D9419DFE6A800255B27 /* libsqlite3.dylib */; };
		6F1E1D9719DFE6B500255B27 /* libz.1.1.3.dylib in Frameworks */ = {isa = PBXBuildFile; fileRef = 6F1E1D9619DFE6B500255B27 /* libz.1.1.3.dylib */; };
		6F1E1D9919DFE6C200255B27 /* MobileCoreServices.framework in Frameworks */ = {isa = PBXBuildFile; fileRef = 6F1E1D9819DFE6C200255B27 /* MobileCoreServices.framework */; };
		6F1E1D9B19DFE6C900255B27 /* QuartzCore.framework in Frameworks */ = {isa = PBXBuildFile; fileRef = 6F1E1D9A19DFE6C900255B27 /* QuartzCore.framework */; };
		6F1E1D9D19DFE6D000255B27 /* Security.framework in Frameworks */ = {isa = PBXBuildFile; fileRef = 6F1E1D9C19DFE6D000255B27 /* Security.framework */; };
		6F1E1D9F19DFE6D700255B27 /* Social.framework in Frameworks */ = {isa = PBXBuildFile; fileRef = 6F1E1D9E19DFE6D700255B27 /* Social.framework */; };
		6F1E1DA119DFE6DB00255B27 /* StoreKit.framework in Frameworks */ = {isa = PBXBuildFile; fileRef = 6F1E1DA019DFE6DB00255B27 /* StoreKit.framework */; };
		6F1E1DA319DFE6E600255B27 /* SystemConfiguration.framework in Frameworks */ = {isa = PBXBuildFile; fileRef = 6F1E1DA219DFE6E600255B27 /* SystemConfiguration.framework */; };
		6F1E1DA519DFE6EF00255B27 /* UIKit.framework in Frameworks */ = {isa = PBXBuildFile; fileRef = 6F1E1DA419DFE6EF00255B27 /* UIKit.framework */; };
		6F1E1DA719DFE6F300255B27 /* Foundation.framework in Frameworks */ = {isa = PBXBuildFile; fileRef = 6F1E1DA619DFE6F300255B27 /* Foundation.framework */; };
		6F1E1DA919DFE70C00255B27 /* FacebookSDK.framework in Frameworks */ = {isa = PBXBuildFile; fileRef = 6F1E1DA819DFE70C00255B27 /* FacebookSDK.framework */; };
		6F3CE8B219DFE41A00BA1E4D /* Parse.framework in Frameworks */ = {isa = PBXBuildFile; fileRef = 6F3CE8B119DFE41A00BA1E4D /* Parse.framework */; };
		6F5FCA4E1A51E56F0068F231 /* MMPDeepSleepPreventer.m in Sources */ = {isa = PBXBuildFile; fileRef = 6F5FCA4D1A51E56F0068F231 /* MMPDeepSleepPreventer.m */; };
		6F5FCA501A51E72A0068F231 /* blank.mp3 in Resources */ = {isa = PBXBuildFile; fileRef = 6F5FCA4F1A51E72A0068F231 /* blank.mp3 */; };
		6FA3D0B219DFD55E0095E844 /* main.m in Sources */ = {isa = PBXBuildFile; fileRef = 6FA3D0B119DFD55E0095E844 /* main.m */; };
		6FA3D0B519DFD55E0095E844 /* AppDelegate.m in Sources */ = {isa = PBXBuildFile; fileRef = 6FA3D0B419DFD55E0095E844 /* AppDelegate.m */; };
		6FA3D0B819DFD55E0095E844 /* ViewController.m in Sources */ = {isa = PBXBuildFile; fileRef = 6FA3D0B719DFD55E0095E844 /* ViewController.m */; };
		6FA3D0BB19DFD55E0095E844 /* Main.storyboard in Resources */ = {isa = PBXBuildFile; fileRef = 6FA3D0B919DFD55E0095E844 /* Main.storyboard */; };
		6FA3D0BD19DFD55E0095E844 /* Images.xcassets in Resources */ = {isa = PBXBuildFile; fileRef = 6FA3D0BC19DFD55E0095E844 /* Images.xcassets */; };
		6FA3D0CC19DFD55F0095E844 /* whosthereTests.m in Sources */ = {isa = PBXBuildFile; fileRef = 6FA3D0CB19DFD55F0095E844 /* whosthereTests.m */; };
		6FF40B7419E0174C0009465B /* CustomTableViewCell.m in Sources */ = {isa = PBXBuildFile; fileRef = 6FF40B7319E0174C0009465B /* CustomTableViewCell.m */; };
		ED5A28CC19E00D6000C18156 /* FriendsViewController.m in Sources */ = {isa = PBXBuildFile; fileRef = ED5A28CB19E00D6000C18156 /* FriendsViewController.m */; };
		F345729119E0BE26009F343A /* NotificationViewController.m in Sources */ = {isa = PBXBuildFile; fileRef = F345729019E0BE26009F343A /* NotificationViewController.m */; };
		F345729419E0F0E7009F343A /* HomeViewController.m in Sources */ = {isa = PBXBuildFile; fileRef = F345729319E0F0E7009F343A /* HomeViewController.m */; };
		F36A72AD19E012AF0069D8B6 /* GraphView.m in Sources */ = {isa = PBXBuildFile; fileRef = F36A72AC19E012AF0069D8B6 /* GraphView.m */; };
/* End PBXBuildFile section */

/* Begin PBXContainerItemProxy section */
		6FA3D0C619DFD55F0095E844 /* PBXContainerItemProxy */ = {
			isa = PBXContainerItemProxy;
			containerPortal = 6FA3D0A419DFD55E0095E844 /* Project object */;
			proxyType = 1;
			remoteGlobalIDString = 6FA3D0AB19DFD55E0095E844;
			remoteInfo = whosthere;
		};
/* End PBXContainerItemProxy section */

/* Begin PBXFileReference section */
		6F1D95CD19DFD96E00C9B793 /* LoginViewController.h */ = {isa = PBXFileReference; fileEncoding = 4; lastKnownFileType = sourcecode.c.h; path = LoginViewController.h; sourceTree = "<group>"; };
		6F1D95CE19DFD96E00C9B793 /* LoginViewController.m */ = {isa = PBXFileReference; fileEncoding = 4; lastKnownFileType = sourcecode.c.objc; path = LoginViewController.m; sourceTree = "<group>"; };
		6F1D95D019DFDCCC00C9B793 /* FacebookSDK.framework */ = {isa = PBXFileReference; lastKnownFileType = wrapper.framework; name = FacebookSDK.framework; path = ../../Documents/FacebookSDK/FacebookSDK.framework; sourceTree = "<group>"; };
		6F1E1D8819DFE66300255B27 /* AudioToolbox.framework */ = {isa = PBXFileReference; lastKnownFileType = wrapper.framework; name = AudioToolbox.framework; path = System/Library/Frameworks/AudioToolbox.framework; sourceTree = SDKROOT; };
		6F1E1D8A19DFE66900255B27 /* Accounts.framework */ = {isa = PBXFileReference; lastKnownFileType = wrapper.framework; name = Accounts.framework; path = System/Library/Frameworks/Accounts.framework; sourceTree = SDKROOT; };
		6F1E1D8C19DFE67000255B27 /* AdSupport.framework */ = {isa = PBXFileReference; lastKnownFileType = wrapper.framework; name = AdSupport.framework; path = System/Library/Frameworks/AdSupport.framework; sourceTree = SDKROOT; };
		6F1E1D8E19DFE67800255B27 /* CFNetwork.framework */ = {isa = PBXFileReference; lastKnownFileType = wrapper.framework; name = CFNetwork.framework; path = System/Library/Frameworks/CFNetwork.framework; sourceTree = SDKROOT; };
		6F1E1D9019DFE68400255B27 /* CoreGraphics.framework */ = {isa = PBXFileReference; lastKnownFileType = wrapper.framework; name = CoreGraphics.framework; path = System/Library/Frameworks/CoreGraphics.framework; sourceTree = SDKROOT; };
		6F1E1D9219DFE68A00255B27 /* CoreLocation.framework */ = {isa = PBXFileReference; lastKnownFileType = wrapper.framework; name = CoreLocation.framework; path = System/Library/Frameworks/CoreLocation.framework; sourceTree = SDKROOT; };
		6F1E1D9419DFE6A800255B27 /* libsqlite3.dylib */ = {isa = PBXFileReference; lastKnownFileType = "compiled.mach-o.dylib"; name = libsqlite3.dylib; path = usr/lib/libsqlite3.dylib; sourceTree = SDKROOT; };
		6F1E1D9619DFE6B500255B27 /* libz.1.1.3.dylib */ = {isa = PBXFileReference; lastKnownFileType = "compiled.mach-o.dylib"; name = libz.1.1.3.dylib; path = usr/lib/libz.1.1.3.dylib; sourceTree = SDKROOT; };
		6F1E1D9819DFE6C200255B27 /* MobileCoreServices.framework */ = {isa = PBXFileReference; lastKnownFileType = wrapper.framework; name = MobileCoreServices.framework; path = System/Library/Frameworks/MobileCoreServices.framework; sourceTree = SDKROOT; };
		6F1E1D9A19DFE6C900255B27 /* QuartzCore.framework */ = {isa = PBXFileReference; lastKnownFileType = wrapper.framework; name = QuartzCore.framework; path = System/Library/Frameworks/QuartzCore.framework; sourceTree = SDKROOT; };
		6F1E1D9C19DFE6D000255B27 /* Security.framework */ = {isa = PBXFileReference; lastKnownFileType = wrapper.framework; name = Security.framework; path = System/Library/Frameworks/Security.framework; sourceTree = SDKROOT; };
		6F1E1D9E19DFE6D700255B27 /* Social.framework */ = {isa = PBXFileReference; lastKnownFileType = wrapper.framework; name = Social.framework; path = System/Library/Frameworks/Social.framework; sourceTree = SDKROOT; };
		6F1E1DA019DFE6DB00255B27 /* StoreKit.framework */ = {isa = PBXFileReference; lastKnownFileType = wrapper.framework; name = StoreKit.framework; path = System/Library/Frameworks/StoreKit.framework; sourceTree = SDKROOT; };
		6F1E1DA219DFE6E600255B27 /* SystemConfiguration.framework */ = {isa = PBXFileReference; lastKnownFileType = wrapper.framework; name = SystemConfiguration.framework; path = System/Library/Frameworks/SystemConfiguration.framework; sourceTree = SDKROOT; };
		6F1E1DA419DFE6EF00255B27 /* UIKit.framework */ = {isa = PBXFileReference; lastKnownFileType = wrapper.framework; name = UIKit.framework; path = System/Library/Frameworks/UIKit.framework; sourceTree = SDKROOT; };
		6F1E1DA619DFE6F300255B27 /* Foundation.framework */ = {isa = PBXFileReference; lastKnownFileType = wrapper.framework; name = Foundation.framework; path = System/Library/Frameworks/Foundation.framework; sourceTree = SDKROOT; };
		6F1E1DA819DFE70C00255B27 /* FacebookSDK.framework */ = {isa = PBXFileReference; lastKnownFileType = wrapper.framework; path = FacebookSDK.framework; sourceTree = "<group>"; };
		6F3CE8B119DFE41A00BA1E4D /* Parse.framework */ = {isa = PBXFileReference; lastKnownFileType = wrapper.framework; path = Parse.framework; sourceTree = "<group>"; };
		6F5FCA4C1A51E56F0068F231 /* MMPDeepSleepPreventer.h */ = {isa = PBXFileReference; fileEncoding = 4; lastKnownFileType = sourcecode.c.h; path = MMPDeepSleepPreventer.h; sourceTree = "<group>"; };
		6F5FCA4D1A51E56F0068F231 /* MMPDeepSleepPreventer.m */ = {isa = PBXFileReference; fileEncoding = 4; lastKnownFileType = sourcecode.c.objc; path = MMPDeepSleepPreventer.m; sourceTree = "<group>"; };
		6F5FCA4F1A51E72A0068F231 /* blank.mp3 */ = {isa = PBXFileReference; lastKnownFileType = audio.mp3; path = blank.mp3; sourceTree = SOURCE_ROOT; };
		6FA3D0AC19DFD55E0095E844 /* whosthere.app */ = {isa = PBXFileReference; explicitFileType = wrapper.application; includeInIndex = 0; path = whosthere.app; sourceTree = BUILT_PRODUCTS_DIR; };
		6FA3D0B019DFD55E0095E844 /* Info.plist */ = {isa = PBXFileReference; lastKnownFileType = text.plist.xml; path = Info.plist; sourceTree = "<group>"; };
		6FA3D0B119DFD55E0095E844 /* main.m */ = {isa = PBXFileReference; lastKnownFileType = sourcecode.c.objc; path = main.m; sourceTree = "<group>"; };
		6FA3D0B319DFD55E0095E844 /* AppDelegate.h */ = {isa = PBXFileReference; lastKnownFileType = sourcecode.c.h; path = AppDelegate.h; sourceTree = "<group>"; };
		6FA3D0B419DFD55E0095E844 /* AppDelegate.m */ = {isa = PBXFileReference; lastKnownFileType = sourcecode.c.objc; path = AppDelegate.m; sourceTree = "<group>"; };
		6FA3D0B619DFD55E0095E844 /* ViewController.h */ = {isa = PBXFileReference; lastKnownFileType = sourcecode.c.h; path = ViewController.h; sourceTree = "<group>"; };
		6FA3D0B719DFD55E0095E844 /* ViewController.m */ = {isa = PBXFileReference; lastKnownFileType = sourcecode.c.objc; path = ViewController.m; sourceTree = "<group>"; };
		6FA3D0BA19DFD55E0095E844 /* Base */ = {isa = PBXFileReference; lastKnownFileType = file.storyboard; name = Base; path = Base.lproj/Main.storyboard; sourceTree = "<group>"; };
		6FA3D0BC19DFD55E0095E844 /* Images.xcassets */ = {isa = PBXFileReference; lastKnownFileType = folder.assetcatalog; path = Images.xcassets; sourceTree = "<group>"; };
		6FA3D0C519DFD55F0095E844 /* whosthereTests.xctest */ = {isa = PBXFileReference; explicitFileType = wrapper.cfbundle; includeInIndex = 0; path = whosthereTests.xctest; sourceTree = BUILT_PRODUCTS_DIR; };
		6FA3D0CA19DFD55F0095E844 /* Info.plist */ = {isa = PBXFileReference; lastKnownFileType = text.plist.xml; path = Info.plist; sourceTree = "<group>"; };
		6FA3D0CB19DFD55F0095E844 /* whosthereTests.m */ = {isa = PBXFileReference; lastKnownFileType = sourcecode.c.objc; path = whosthereTests.m; sourceTree = "<group>"; };
		6FF40B7219E0174C0009465B /* CustomTableViewCell.h */ = {isa = PBXFileReference; fileEncoding = 4; lastKnownFileType = sourcecode.c.h; path = CustomTableViewCell.h; sourceTree = "<group>"; };
		6FF40B7319E0174C0009465B /* CustomTableViewCell.m */ = {isa = PBXFileReference; fileEncoding = 4; lastKnownFileType = sourcecode.c.objc; path = CustomTableViewCell.m; sourceTree = "<group>"; };
		ED5A28CA19E00D6000C18156 /* FriendsViewController.h */ = {isa = PBXFileReference; fileEncoding = 4; lastKnownFileType = sourcecode.c.h; path = FriendsViewController.h; sourceTree = "<group>"; };
		ED5A28CB19E00D6000C18156 /* FriendsViewController.m */ = {isa = PBXFileReference; fileEncoding = 4; lastKnownFileType = sourcecode.c.objc; path = FriendsViewController.m; sourceTree = "<group>"; };
		F345728F19E0BE26009F343A /* NotificationViewController.h */ = {isa = PBXFileReference; fileEncoding = 4; lastKnownFileType = sourcecode.c.h; path = NotificationViewController.h; sourceTree = "<group>"; };
		F345729019E0BE26009F343A /* NotificationViewController.m */ = {isa = PBXFileReference; fileEncoding = 4; lastKnownFileType = sourcecode.c.objc; path = NotificationViewController.m; sourceTree = "<group>"; };
		F345729219E0F0E7009F343A /* HomeViewController.h */ = {isa = PBXFileReference; fileEncoding = 4; lastKnownFileType = sourcecode.c.h; path = HomeViewController.h; sourceTree = "<group>"; };
		F345729319E0F0E7009F343A /* HomeViewController.m */ = {isa = PBXFileReference; fileEncoding = 4; lastKnownFileType = sourcecode.c.objc; path = HomeViewController.m; sourceTree = "<group>"; };
		F36A72AB19E012AF0069D8B6 /* GraphView.h */ = {isa = PBXFileReference; fileEncoding = 4; lastKnownFileType = sourcecode.c.h; path = GraphView.h; sourceTree = "<group>"; };
		F36A72AC19E012AF0069D8B6 /* GraphView.m */ = {isa = PBXFileReference; fileEncoding = 4; lastKnownFileType = sourcecode.c.objc; path = GraphView.m; sourceTree = "<group>"; };
/* End PBXFileReference section */

/* Begin PBXFrameworksBuildPhase section */
		6FA3D0A919DFD55E0095E844 /* Frameworks */ = {
			isa = PBXFrameworksBuildPhase;
			buildActionMask = 2147483647;
			files = (
				6F1E1DA919DFE70C00255B27 /* FacebookSDK.framework in Frameworks */,
				6F1E1DA719DFE6F300255B27 /* Foundation.framework in Frameworks */,
				6F1E1DA519DFE6EF00255B27 /* UIKit.framework in Frameworks */,
				6F1E1DA319DFE6E600255B27 /* SystemConfiguration.framework in Frameworks */,
				6F1E1DA119DFE6DB00255B27 /* StoreKit.framework in Frameworks */,
				6F1E1D9F19DFE6D700255B27 /* Social.framework in Frameworks */,
				6F1E1D9D19DFE6D000255B27 /* Security.framework in Frameworks */,
				6F1E1D9B19DFE6C900255B27 /* QuartzCore.framework in Frameworks */,
				6F1E1D9919DFE6C200255B27 /* MobileCoreServices.framework in Frameworks */,
				6F1E1D9719DFE6B500255B27 /* libz.1.1.3.dylib in Frameworks */,
				6F1E1D9519DFE6A800255B27 /* libsqlite3.dylib in Frameworks */,
				6F1E1D9319DFE68A00255B27 /* CoreLocation.framework in Frameworks */,
				6F1E1D9119DFE68400255B27 /* CoreGraphics.framework in Frameworks */,
				6F1E1D8F19DFE67800255B27 /* CFNetwork.framework in Frameworks */,
				6F1E1D8D19DFE67000255B27 /* AdSupport.framework in Frameworks */,
				6F1E1D8B19DFE66900255B27 /* Accounts.framework in Frameworks */,
				6F1E1D8919DFE66300255B27 /* AudioToolbox.framework in Frameworks */,
				6F3CE8B219DFE41A00BA1E4D /* Parse.framework in Frameworks */,
				6F1D95D119DFDCCC00C9B793 /* FacebookSDK.framework in Frameworks */,
			);
			runOnlyForDeploymentPostprocessing = 0;
		};
		6FA3D0C219DFD55F0095E844 /* Frameworks */ = {
			isa = PBXFrameworksBuildPhase;
			buildActionMask = 2147483647;
			files = (
			);
			runOnlyForDeploymentPostprocessing = 0;
		};
/* End PBXFrameworksBuildPhase section */

/* Begin PBXGroup section */
		6F1E1DAA19DFE73900255B27 /* Frameworks */ = {
			isa = PBXGroup;
			children = (
				6F1E1DA819DFE70C00255B27 /* FacebookSDK.framework */,
				6F1E1DA619DFE6F300255B27 /* Foundation.framework */,
				6F1E1DA419DFE6EF00255B27 /* UIKit.framework */,
				6F1E1DA219DFE6E600255B27 /* SystemConfiguration.framework */,
				6F1E1DA019DFE6DB00255B27 /* StoreKit.framework */,
				6F1E1D9E19DFE6D700255B27 /* Social.framework */,
				6F1E1D9C19DFE6D000255B27 /* Security.framework */,
				6F1E1D9A19DFE6C900255B27 /* QuartzCore.framework */,
				6F1E1D9819DFE6C200255B27 /* MobileCoreServices.framework */,
				6F1E1D9619DFE6B500255B27 /* libz.1.1.3.dylib */,
				6F1E1D9419DFE6A800255B27 /* libsqlite3.dylib */,
				6F1E1D9219DFE68A00255B27 /* CoreLocation.framework */,
				6F1E1D9019DFE68400255B27 /* CoreGraphics.framework */,
				6F1E1D8E19DFE67800255B27 /* CFNetwork.framework */,
				6F1E1D8C19DFE67000255B27 /* AdSupport.framework */,
				6F1E1D8A19DFE66900255B27 /* Accounts.framework */,
				6F1E1D8819DFE66300255B27 /* AudioToolbox.framework */,
				6F3CE8B119DFE41A00BA1E4D /* Parse.framework */,
				6F1D95D019DFDCCC00C9B793 /* FacebookSDK.framework */,
			);
			name = Frameworks;
			sourceTree = "<group>";
		};
		6FA3D0A319DFD55E0095E844 = {
			isa = PBXGroup;
			children = (
				6F1E1DAA19DFE73900255B27 /* Frameworks */,
				6FA3D0AE19DFD55E0095E844 /* whosthere */,
				6FA3D0C819DFD55F0095E844 /* whosthereTests */,
				6FA3D0AD19DFD55E0095E844 /* Products */,
			);
			sourceTree = "<group>";
		};
		6FA3D0AD19DFD55E0095E844 /* Products */ = {
			isa = PBXGroup;
			children = (
				6FA3D0AC19DFD55E0095E844 /* whosthere.app */,
				6FA3D0C519DFD55F0095E844 /* whosthereTests.xctest */,
			);
			name = Products;
			sourceTree = "<group>";
		};
		6FA3D0AE19DFD55E0095E844 /* whosthere */ = {
			isa = PBXGroup;
			children = (
				6FA3D0B319DFD55E0095E844 /* AppDelegate.h */,
				6FA3D0B419DFD55E0095E844 /* AppDelegate.m */,
				6FA3D0B619DFD55E0095E844 /* ViewController.h */,
				6F5FCA4C1A51E56F0068F231 /* MMPDeepSleepPreventer.h */,
				6F5FCA4D1A51E56F0068F231 /* MMPDeepSleepPreventer.m */,
				6FA3D0B719DFD55E0095E844 /* ViewController.m */,
				6FA3D0B919DFD55E0095E844 /* Main.storyboard */,
				F345729219E0F0E7009F343A /* HomeViewController.h */,
				F345729319E0F0E7009F343A /* HomeViewController.m */,
				F345728F19E0BE26009F343A /* NotificationViewController.h */,
				F345729019E0BE26009F343A /* NotificationViewController.m */,
				F36A72AB19E012AF0069D8B6 /* GraphView.h */,
				F36A72AC19E012AF0069D8B6 /* GraphView.m */,
				6FF40B7219E0174C0009465B /* CustomTableViewCell.h */,
				6FF40B7319E0174C0009465B /* CustomTableViewCell.m */,
				ED5A28CA19E00D6000C18156 /* FriendsViewController.h */,
				ED5A28CB19E00D6000C18156 /* FriendsViewController.m */,
				6F1D95CD19DFD96E00C9B793 /* LoginViewController.h */,
				6F1D95CE19DFD96E00C9B793 /* LoginViewController.m */,
				6FA3D0BC19DFD55E0095E844 /* Images.xcassets */,
				6FA3D0AF19DFD55E0095E844 /* Supporting Files */,
			);
			path = whosthere;
			sourceTree = "<group>";
		};
		6FA3D0AF19DFD55E0095E844 /* Supporting Files */ = {
			isa = PBXGroup;
			children = (
				6FA3D0B019DFD55E0095E844 /* Info.plist */,
				6F5FCA4F1A51E72A0068F231 /* blank.mp3 */,
				6FA3D0B119DFD55E0095E844 /* main.m */,
			);
			name = "Supporting Files";
			sourceTree = "<group>";
		};
		6FA3D0C819DFD55F0095E844 /* whosthereTests */ = {
			isa = PBXGroup;
			children = (
				6FA3D0CB19DFD55F0095E844 /* whosthereTests.m */,
				6FA3D0C919DFD55F0095E844 /* Supporting Files */,
			);
			path = whosthereTests;
			sourceTree = "<group>";
		};
		6FA3D0C919DFD55F0095E844 /* Supporting Files */ = {
			isa = PBXGroup;
			children = (
				6FA3D0CA19DFD55F0095E844 /* Info.plist */,
			);
			name = "Supporting Files";
			sourceTree = "<group>";
		};
/* End PBXGroup section */

/* Begin PBXNativeTarget section */
		6FA3D0AB19DFD55E0095E844 /* whosthere */ = {
			isa = PBXNativeTarget;
			buildConfigurationList = 6FA3D0CF19DFD55F0095E844 /* Build configuration list for PBXNativeTarget "whosthere" */;
			buildPhases = (
				6FA3D0A819DFD55E0095E844 /* Sources */,
				6FA3D0A919DFD55E0095E844 /* Frameworks */,
				6FA3D0AA19DFD55E0095E844 /* Resources */,
			);
			buildRules = (
			);
			dependencies = (
			);
			name = whosthere;
			productName = whosthere;
			productReference = 6FA3D0AC19DFD55E0095E844 /* whosthere.app */;
			productType = "com.apple.product-type.application";
		};
		6FA3D0C419DFD55F0095E844 /* whosthereTests */ = {
			isa = PBXNativeTarget;
			buildConfigurationList = 6FA3D0D219DFD55F0095E844 /* Build configuration list for PBXNativeTarget "whosthereTests" */;
			buildPhases = (
				6FA3D0C119DFD55F0095E844 /* Sources */,
				6FA3D0C219DFD55F0095E844 /* Frameworks */,
				6FA3D0C319DFD55F0095E844 /* Resources */,
			);
			buildRules = (
			);
			dependencies = (
				6FA3D0C719DFD55F0095E844 /* PBXTargetDependency */,
			);
			name = whosthereTests;
			productName = whosthereTests;
			productReference = 6FA3D0C519DFD55F0095E844 /* whosthereTests.xctest */;
			productType = "com.apple.product-type.bundle.unit-test";
		};
/* End PBXNativeTarget section */

/* Begin PBXProject section */
		6FA3D0A419DFD55E0095E844 /* Project object */ = {
			isa = PBXProject;
			attributes = {
				LastUpgradeCheck = 0600;
				ORGANIZATIONNAME = "Weston Mizumoto";
				TargetAttributes = {
					6FA3D0AB19DFD55E0095E844 = {
						CreatedOnToolsVersion = 6.0.1;
						DevelopmentTeam = PQK7MDT9QM;
						SystemCapabilities = {
							com.apple.BackgroundModes = {
								enabled = 1;
							};
						};
					};
					6FA3D0C419DFD55F0095E844 = {
						CreatedOnToolsVersion = 6.0.1;
						TestTargetID = 6FA3D0AB19DFD55E0095E844;
					};
				};
			};
			buildConfigurationList = 6FA3D0A719DFD55E0095E844 /* Build configuration list for PBXProject "whosthere" */;
			compatibilityVersion = "Xcode 3.2";
			developmentRegion = English;
			hasScannedForEncodings = 0;
			knownRegions = (
				en,
				Base,
			);
			mainGroup = 6FA3D0A319DFD55E0095E844;
			productRefGroup = 6FA3D0AD19DFD55E0095E844 /* Products */;
			projectDirPath = "";
			projectRoot = "";
			targets = (
				6FA3D0AB19DFD55E0095E844 /* whosthere */,
				6FA3D0C419DFD55F0095E844 /* whosthereTests */,
			);
		};
/* End PBXProject section */

/* Begin PBXResourcesBuildPhase section */
		6FA3D0AA19DFD55E0095E844 /* Resources */ = {
			isa = PBXResourcesBuildPhase;
			buildActionMask = 2147483647;
			files = (
				6FA3D0BB19DFD55E0095E844 /* Main.storyboard in Resources */,
				6FA3D0BD19DFD55E0095E844 /* Images.xcassets in Resources */,
				6F5FCA501A51E72A0068F231 /* blank.mp3 in Resources */,
			);
			runOnlyForDeploymentPostprocessing = 0;
		};
		6FA3D0C319DFD55F0095E844 /* Resources */ = {
			isa = PBXResourcesBuildPhase;
			buildActionMask = 2147483647;
			files = (
			);
			runOnlyForDeploymentPostprocessing = 0;
		};
/* End PBXResourcesBuildPhase section */

/* Begin PBXSourcesBuildPhase section */
		6FA3D0A819DFD55E0095E844 /* Sources */ = {
			isa = PBXSourcesBuildPhase;
			buildActionMask = 2147483647;
			files = (
				ED5A28CC19E00D6000C18156 /* FriendsViewController.m in Sources */,
				6F1D95CF19DFD96E00C9B793 /* LoginViewController.m in Sources */,
				F36A72AD19E012AF0069D8B6 /* GraphView.m in Sources */,
				6FF40B7419E0174C0009465B /* CustomTableViewCell.m in Sources */,
				6FA3D0B819DFD55E0095E844 /* ViewController.m in Sources */,
				F345729419E0F0E7009F343A /* HomeViewController.m in Sources */,
				F345729119E0BE26009F343A /* NotificationViewController.m in Sources */,
				6FA3D0B519DFD55E0095E844 /* AppDelegate.m in Sources */,
				6F5FCA4E1A51E56F0068F231 /* MMPDeepSleepPreventer.m in Sources */,
				6FA3D0B219DFD55E0095E844 /* main.m in Sources */,
			);
			runOnlyForDeploymentPostprocessing = 0;
		};
		6FA3D0C119DFD55F0095E844 /* Sources */ = {
			isa = PBXSourcesBuildPhase;
			buildActionMask = 2147483647;
			files = (
				6FA3D0CC19DFD55F0095E844 /* whosthereTests.m in Sources */,
			);
			runOnlyForDeploymentPostprocessing = 0;
		};
/* End PBXSourcesBuildPhase section */

/* Begin PBXTargetDependency section */
		6FA3D0C719DFD55F0095E844 /* PBXTargetDependency */ = {
			isa = PBXTargetDependency;
			target = 6FA3D0AB19DFD55E0095E844 /* whosthere */;
			targetProxy = 6FA3D0C619DFD55F0095E844 /* PBXContainerItemProxy */;
		};
/* End PBXTargetDependency section */

/* Begin PBXVariantGroup section */
		6FA3D0B919DFD55E0095E844 /* Main.storyboard */ = {
			isa = PBXVariantGroup;
			children = (
				6FA3D0BA19DFD55E0095E844 /* Base */,
			);
			name = Main.storyboard;
			sourceTree = "<group>";
		};
/* End PBXVariantGroup section */

/* Begin XCBuildConfiguration section */
		6FA3D0CD19DFD55F0095E844 /* Debug */ = {
			isa = XCBuildConfiguration;
			buildSettings = {
				ALWAYS_SEARCH_USER_PATHS = NO;
				CLANG_CXX_LANGUAGE_STANDARD = "gnu++0x";
				CLANG_CXX_LIBRARY = "libc++";
				CLANG_ENABLE_MODULES = YES;
				CLANG_ENABLE_OBJC_ARC = YES;
				CLANG_WARN_BOOL_CONVERSION = YES;
				CLANG_WARN_CONSTANT_CONVERSION = YES;
				CLANG_WARN_DIRECT_OBJC_ISA_USAGE = YES_ERROR;
				CLANG_WARN_EMPTY_BODY = YES;
				CLANG_WARN_ENUM_CONVERSION = YES;
				CLANG_WARN_INT_CONVERSION = YES;
				CLANG_WARN_OBJC_ROOT_CLASS = YES_ERROR;
				CLANG_WARN_UNREACHABLE_CODE = YES;
				CLANG_WARN__DUPLICATE_METHOD_MATCH = YES;
				"CODE_SIGN_IDENTITY[sdk=iphoneos*]" = "iPhone Developer";
				COPY_PHASE_STRIP = NO;
				ENABLE_STRICT_OBJC_MSGSEND = YES;
				GCC_C_LANGUAGE_STANDARD = gnu99;
				GCC_DYNAMIC_NO_PIC = NO;
				GCC_OPTIMIZATION_LEVEL = 0;
				GCC_PREPROCESSOR_DEFINITIONS = (
					"DEBUG=1",
					"$(inherited)",
				);
				GCC_SYMBOLS_PRIVATE_EXTERN = NO;
				GCC_WARN_64_TO_32_BIT_CONVERSION = YES;
				GCC_WARN_ABOUT_RETURN_TYPE = YES_ERROR;
				GCC_WARN_UNDECLARED_SELECTOR = YES;
				GCC_WARN_UNINITIALIZED_AUTOS = YES_AGGRESSIVE;
				GCC_WARN_UNUSED_FUNCTION = YES;
				GCC_WARN_UNUSED_VARIABLE = YES;
				IPHONEOS_DEPLOYMENT_TARGET = 8.0;
				MTL_ENABLE_DEBUG_INFO = YES;
				ONLY_ACTIVE_ARCH = YES;
				SDKROOT = iphoneos;
				TARGETED_DEVICE_FAMILY = "1,2";
			};
			name = Debug;
		};
		6FA3D0CE19DFD55F0095E844 /* Release */ = {
			isa = XCBuildConfiguration;
			buildSettings = {
				ALWAYS_SEARCH_USER_PATHS = NO;
				CLANG_CXX_LANGUAGE_STANDARD = "gnu++0x";
				CLANG_CXX_LIBRARY = "libc++";
				CLANG_ENABLE_MODULES = YES;
				CLANG_ENABLE_OBJC_ARC = YES;
				CLANG_WARN_BOOL_CONVERSION = YES;
				CLANG_WARN_CONSTANT_CONVERSION = YES;
				CLANG_WARN_DIRECT_OBJC_ISA_USAGE = YES_ERROR;
				CLANG_WARN_EMPTY_BODY = YES;
				CLANG_WARN_ENUM_CONVERSION = YES;
				CLANG_WARN_INT_CONVERSION = YES;
				CLANG_WARN_OBJC_ROOT_CLASS = YES_ERROR;
				CLANG_WARN_UNREACHABLE_CODE = YES;
				CLANG_WARN__DUPLICATE_METHOD_MATCH = YES;
				"CODE_SIGN_IDENTITY[sdk=iphoneos*]" = "iPhone Developer";
				COPY_PHASE_STRIP = YES;
				ENABLE_NS_ASSERTIONS = NO;
				ENABLE_STRICT_OBJC_MSGSEND = YES;
				GCC_C_LANGUAGE_STANDARD = gnu99;
				GCC_WARN_64_TO_32_BIT_CONVERSION = YES;
				GCC_WARN_ABOUT_RETURN_TYPE = YES_ERROR;
				GCC_WARN_UNDECLARED_SELECTOR = YES;
				GCC_WARN_UNINITIALIZED_AUTOS = YES_AGGRESSIVE;
				GCC_WARN_UNUSED_FUNCTION = YES;
				GCC_WARN_UNUSED_VARIABLE = YES;
				IPHONEOS_DEPLOYMENT_TARGET = 8.0;
				MTL_ENABLE_DEBUG_INFO = NO;
				SDKROOT = iphoneos;
				TARGETED_DEVICE_FAMILY = "1,2";
				VALIDATE_PRODUCT = YES;
			};
			name = Release;
		};
		6FA3D0D019DFD55F0095E844 /* Debug */ = {
			isa = XCBuildConfiguration;
			buildSettings = {
				ASSETCATALOG_COMPILER_APPICON_NAME = AppIcon;
				ASSETCATALOG_COMPILER_LAUNCHIMAGE_NAME = LaunchImage;
				CODE_SIGN_IDENTITY = "iPhone Developer";
				"CODE_SIGN_IDENTITY[sdk=iphoneos*]" = "iPhone Developer";
				FRAMEWORK_SEARCH_PATHS = (
					"$(inherited)",
					/Users/westonmizumoto/Documents/FacebookSDK,
					"$(PROJECT_DIR)",
				);
				INFOPLIST_FILE = whosthere/Info.plist;
				LD_RUNPATH_SEARCH_PATHS = "$(inherited) @executable_path/Frameworks";
				PRODUCT_NAME = "$(TARGET_NAME)";
				PROVISIONING_PROFILE = "";
			};
			name = Debug;
		};
		6FA3D0D119DFD55F0095E844 /* Release */ = {
			isa = XCBuildConfiguration;
			buildSettings = {
				ASSETCATALOG_COMPILER_APPICON_NAME = AppIcon;
				ASSETCATALOG_COMPILER_LAUNCHIMAGE_NAME = LaunchImage;
				CODE_SIGN_IDENTITY = "iPhone Developer";
				"CODE_SIGN_IDENTITY[sdk=iphoneos*]" = "iPhone Developer";
				FRAMEWORK_SEARCH_PATHS = (
					"$(inherited)",
					/Users/westonmizumoto/Documents/FacebookSDK,
					"$(PROJECT_DIR)",
				);
				INFOPLIST_FILE = whosthere/Info.plist;
				LD_RUNPATH_SEARCH_PATHS = "$(inherited) @executable_path/Frameworks";
				PRODUCT_NAME = "$(TARGET_NAME)";
				PROVISIONING_PROFILE = "";
			};
			name = Release;
		};
		6FA3D0D319DFD55F0095E844 /* Debug */ = {
			isa = XCBuildConfiguration;
			buildSettings = {
				BUNDLE_LOADER = "$(TEST_HOST)";
				FRAMEWORK_SEARCH_PATHS = (
					"$(SDKROOT)/Developer/Library/Frameworks",
					"$(inherited)",
				);
				GCC_PREPROCESSOR_DEFINITIONS = (
					"DEBUG=1",
					"$(inherited)",
				);
				INFOPLIST_FILE = whosthereTests/Info.plist;
				LD_RUNPATH_SEARCH_PATHS = "$(inherited) @executable_path/Frameworks @loader_path/Frameworks";
				PRODUCT_NAME = "$(TARGET_NAME)";
				TEST_HOST = "$(BUILT_PRODUCTS_DIR)/whosthere.app/whosthere";
			};
			name = Debug;
		};
		6FA3D0D419DFD55F0095E844 /* Release */ = {
			isa = XCBuildConfiguration;
			buildSettings = {
				BUNDLE_LOADER = "$(TEST_HOST)";
				FRAMEWORK_SEARCH_PATHS = (
					"$(SDKROOT)/Developer/Library/Frameworks",
					"$(inherited)",
				);
				INFOPLIST_FILE = whosthereTests/Info.plist;
				LD_RUNPATH_SEARCH_PATHS = "$(inherited) @executable_path/Frameworks @loader_path/Frameworks";
				PRODUCT_NAME = "$(TARGET_NAME)";
				TEST_HOST = "$(BUILT_PRODUCTS_DIR)/whosthere.app/whosthere";
			};
			name = Release;
		};
/* End XCBuildConfiguration section */

/* Begin XCConfigurationList section */
		6FA3D0A719DFD55E0095E844 /* Build configuration list for PBXProject "whosthere" */ = {
			isa = XCConfigurationList;
			buildConfigurations = (
				6FA3D0CD19DFD55F0095E844 /* Debug */,
				6FA3D0CE19DFD55F0095E844 /* Release */,
			);
			defaultConfigurationIsVisible = 0;
			defaultConfigurationName = Release;
		};
		6FA3D0CF19DFD55F0095E844 /* Build configuration list for PBXNativeTarget "whosthere" */ = {
			isa = XCConfigurationList;
			buildConfigurations = (
				6FA3D0D019DFD55F0095E844 /* Debug */,
				6FA3D0D119DFD55F0095E844 /* Release */,
			);
			defaultConfigurationIsVisible = 0;
			defaultConfigurationName = Release;
		};
		6FA3D0D219DFD55F0095E844 /* Build configuration list for PBXNativeTarget "whosthereTests" */ = {
			isa = XCConfigurationList;
			buildConfigurations = (
				6FA3D0D319DFD55F0095E844 /* Debug */,
				6FA3D0D419DFD55F0095E844 /* Release */,
			);
			defaultConfigurationIsVisible = 0;
			defaultConfigurationName = Release;
		};
/* End XCConfigurationList section */
	};
	rootObject = 6FA3D0A419DFD55E0095E844 /* Project object */;
}
